
Microsoft Visual Studio Solution File, Format Version 12.00
# Visual Studio Version 16
VisualStudioVersion = 16.0.30611.23
MinimumVisualStudioVersion = 10.0.40219.1
Project("{FAE04EC0-301F-11D3-BF4B-00C04F79EFBC}") = "BlazorPayment.Server", "BlazorPayment\Server\BlazorPayment.Server.csproj", "{30C58997-11C0-4203-A7C0-3A61DBD55569}"
EndProject
Project("{FAE04EC0-301F-11D3-BF4B-00C04F79EFBC}") = "BlazorPayment.Client", "BlazorPayment\Client\BlazorPayment.Client.csproj", "{494D53DE-F604-4E6D-B094-0ED59ACBAB6B}"
EndProject
Project("{FAE04EC0-301F-11D3-BF4B-00C04F79EFBC}") = "BlazorPayment.Shared", "BlazorPayment\Shared\BlazorPayment.Shared.csproj", "{C0B36D1B-E58D-4748-A8A4-65DAC1AB6E76}"
EndProject
Global
	GlobalSection(SolutionConfigurationPlatforms) = preSolution
		Debug|Any CPU = Debug|Any CPU
		Release|Any CPU = Release|Any CPU
	EndGlobalSection
	GlobalSection(ProjectConfigurationPlatforms) = postSolution
		{30C58997-11C0-4203-A7C0-3A61DBD55569}.Debug|Any CPU.ActiveCfg = Debug|Any CPU
		{30C58997-11C0-4203-A7C0-3A61DBD55569}.Debug|Any CPU.Build.0 = Debug|Any CPU
		{30C58997-11C0-4203-A7C0-3A61DBD55569}.Release|Any CPU.ActiveCfg = Release|Any CPU
		{30C58997-11C0-4203-A7C0-3A61DBD55569}.Release|Any CPU.Build.0 = Release|Any CPU
		{494D53DE-F604-4E6D-B094-0ED59ACBAB6B}.Debug|Any CPU.ActiveCfg = Debug|Any CPU
		{494D53DE-F604-4E6D-B094-0ED59ACBAB6B}.Debug|Any CPU.Build.0 = Debug|Any CPU
		{494D53DE-F604-4E6D-B094-0ED59ACBAB6B}.Release|Any CPU.ActiveCfg = Release|Any CPU
		{494D53DE-F604-4E6D-B094-0ED59ACBAB6B}.Release|Any CPU.Build.0 = Release|Any CPU
		{C0B36D1B-E58D-4748-A8A4-65DAC1AB6E76}.Debug|Any CPU.ActiveCfg = Debug|Any CPU
		{C0B36D1B-E58D-4748-A8A4-65DAC1AB6E76}.Debug|Any CPU.Build.0 = Debug|Any CPU
		{C0B36D1B-E58D-4748-A8A4-65DAC1AB6E76}.Release|Any CPU.ActiveCfg = Release|Any CPU
		{C0B36D1B-E58D-4748-A8A4-65DAC1AB6E76}.Release|Any CPU.Build.0 = Release|Any CPU
	EndGlobalSection
	GlobalSection(SolutionProperties) = preSolution
		HideSolutionNode = FALSE
	EndGlobalSection
	GlobalSection(ExtensibilityGlobals) = postSolution
		SolutionGuid = {2E705CBC-70DF-4EA5-9296-9F0A4923D75F}
	EndGlobalSection
EndGlobal
